
Microsoft Visual Studio Solution File, Format Version 11.00
# Visual Studio 2010
Project("{888888A0-9F3D-457C-B088-3A5042F75D52}") = "RVM", "RVM\RVM.pyproj", "{63677C19-4C68-4058-AEEC-0043F98F5D31}"
EndProject
Global
	GlobalSection(SolutionConfigurationPlatforms) = preSolution
		Debug|Any CPU = Debug|Any CPU
		Release|Any CPU = Release|Any CPU
	EndGlobalSection
	GlobalSection(ProjectConfigurationPlatforms) = postSolution
		{63677C19-4C68-4058-AEEC-0043F98F5D31}.Debug|Any CPU.ActiveCfg = Debug|Any CPU
		{63677C19-4C68-4058-AEEC-0043F98F5D31}.Debug|Any CPU.Build.0 = Debug|Any CPU
		{63677C19-4C68-4058-AEEC-0043F98F5D31}.Release|Any CPU.ActiveCfg = Release|Any CPU
		{63677C19-4C68-4058-AEEC-0043F98F5D31}.Release|Any CPU.Build.0 = Release|Any CPU
	EndGlobalSection
	GlobalSection(SolutionProperties) = preSolution
		HideSolutionNode = FALSE
	EndGlobalSection
EndGlobal
